
Microsoft Visual Studio Solution File, Format Version 12.00
# Visual Studio Version 16
VisualStudioVersion = 16.0.31402.337
MinimumVisualStudioVersion = 10.0.40219.1
Project("{FAE04EC0-301F-11D3-BF4B-00C04F79EFBC}") = "at2-ex11", "at2-ex11\at2-ex11.csproj", "{FE88B78A-EF5D-4475-83A1-CC8B8E142C65}"
EndProject
Global
	GlobalSection(SolutionConfigurationPlatforms) = preSolution
		Debug|Any CPU = Debug|Any CPU
		Release|Any CPU = Release|Any CPU
	EndGlobalSection
	GlobalSection(ProjectConfigurationPlatforms) = postSolution
		{FE88B78A-EF5D-4475-83A1-CC8B8E142C65}.Debug|Any CPU.ActiveCfg = Debug|Any CPU
		{FE88B78A-EF5D-4475-83A1-CC8B8E142C65}.Debug|Any CPU.Build.0 = Debug|Any CPU
		{FE88B78A-EF5D-4475-83A1-CC8B8E142C65}.Release|Any CPU.ActiveCfg = Release|Any CPU
		{FE88B78A-EF5D-4475-83A1-CC8B8E142C65}.Release|Any CPU.Build.0 = Release|Any CPU
	EndGlobalSection
	GlobalSection(SolutionProperties) = preSolution
		HideSolutionNode = FALSE
	EndGlobalSection
	GlobalSection(ExtensibilityGlobals) = postSolution
		SolutionGuid = {648AB84E-E54F-4F10-B6A7-B935D34ABBEE}
	EndGlobalSection
EndGlobal
